
Microsoft Visual Studio Solution File, Format Version 12.00
# Visual Studio Version 16
VisualStudioVersion = 16.0.30804.86
MinimumVisualStudioVersion = 10.0.40219.1
Project("{FAE04EC0-301F-11D3-BF4B-00C04F79EFBC}") = "csv-coding-challenge", "csv-coding-challenge\csv-coding-challenge.csproj", "{7F7CA7A5-E23D-4C22-AF5D-1242A9846F39}"
EndProject
Global
	GlobalSection(SolutionConfigurationPlatforms) = preSolution
		Debug|Any CPU = Debug|Any CPU
		Release|Any CPU = Release|Any CPU
	EndGlobalSection
	GlobalSection(ProjectConfigurationPlatforms) = postSolution
		{7F7CA7A5-E23D-4C22-AF5D-1242A9846F39}.Debug|Any CPU.ActiveCfg = Debug|Any CPU
		{7F7CA7A5-E23D-4C22-AF5D-1242A9846F39}.Debug|Any CPU.Build.0 = Debug|Any CPU
		{7F7CA7A5-E23D-4C22-AF5D-1242A9846F39}.Release|Any CPU.ActiveCfg = Release|Any CPU
		{7F7CA7A5-E23D-4C22-AF5D-1242A9846F39}.Release|Any CPU.Build.0 = Release|Any CPU
	EndGlobalSection
	GlobalSection(SolutionProperties) = preSolution
		HideSolutionNode = FALSE
	EndGlobalSection
	GlobalSection(ExtensibilityGlobals) = postSolution
		SolutionGuid = {E62AF2C2-0B35-40D3-9F66-DB7E7EEE5E9A}
	EndGlobalSection
EndGlobal
